// !$*UTF8*$!
{
	archiveVersion = 1;
	classes = {
	};
	objectVersion = 51;
	objects = {

/* Begin PBXBuildFile section */
		CB6A8E38248E437C00F5A5A5 /* Label.swift in Sources */ = {isa = PBXBuildFile; fileRef = CB6A8E37248E437C00F5A5A5 /* Label.swift */; };
		CB6A8E3A248E7BD400F5A5A5 /* TLHomeViewModel.swift in Sources */ = {isa = PBXBuildFile; fileRef = CB6A8E39248E7BD400F5A5A5 /* TLHomeViewModel.swift */; };
		CB6A8E3C248E7D1B00F5A5A5 /* TLVC.swift in Sources */ = {isa = PBXBuildFile; fileRef = CB6A8E3B248E7D1B00F5A5A5 /* TLVC.swift */; };
		CB6A8E3E248E80F900F5A5A5 /* Identifier.swift in Sources */ = {isa = PBXBuildFile; fileRef = CB6A8E3D248E80F900F5A5A5 /* Identifier.swift */; };
		CB6A8E40248E811D00F5A5A5 /* Cell.swift in Sources */ = {isa = PBXBuildFile; fileRef = CB6A8E3F248E811D00F5A5A5 /* Cell.swift */; };
		CB6A8E42248E81C800F5A5A5 /* TLHomeCellViewModel.swift in Sources */ = {isa = PBXBuildFile; fileRef = CB6A8E41248E81C800F5A5A5 /* TLHomeCellViewModel.swift */; };
		CB6A8E44248E827F00F5A5A5 /* String+Date+Ext.swift in Sources */ = {isa = PBXBuildFile; fileRef = CB6A8E43248E827F00F5A5A5 /* String+Date+Ext.swift */; };
		CB6A8E48248E893100F5A5A5 /* TLNewTaskViewModel.swift in Sources */ = {isa = PBXBuildFile; fileRef = CB6A8E47248E893100F5A5A5 /* TLNewTaskViewModel.swift */; };
		CB777ECD248DD0CE008B6BEB /* TLDBServiceTests.swift in Sources */ = {isa = PBXBuildFile; fileRef = CB777ECB248DD0CE008B6BEB /* TLDBServiceTests.swift */; };
		CB777ECE248DD0CE008B6BEB /* TLDBInMemoryConfiguartion.swift in Sources */ = {isa = PBXBuildFile; fileRef = CB777ECC248DD0CE008B6BEB /* TLDBInMemoryConfiguartion.swift */; };
		CB777EFC248DD8F2008B6BEB /* TLHomeCell.xib in Resources */ = {isa = PBXBuildFile; fileRef = CB777EE9248DD8F2008B6BEB /* TLHomeCell.xib */; };
		CB777EFD248DD8F2008B6BEB /* TLHomeCell.swift in Sources */ = {isa = PBXBuildFile; fileRef = CB777EEA248DD8F2008B6BEB /* TLHomeCell.swift */; };
		CB777EFE248DD8F2008B6BEB /* TLHomeVC.swift in Sources */ = {isa = PBXBuildFile; fileRef = CB777EEB248DD8F2008B6BEB /* TLHomeVC.swift */; };
		CB777EFF248DD8F2008B6BEB /* TLNewTaskVC.swift in Sources */ = {isa = PBXBuildFile; fileRef = CB777EEF248DD8F2008B6BEB /* TLNewTaskVC.swift */; };
		CB777F00248DD8F2008B6BEB /* Task.swift in Sources */ = {isa = PBXBuildFile; fileRef = CB777EF2248DD8F2008B6BEB /* Task.swift */; };
		CB777F01248DD8F2008B6BEB /* BaseVC.swift in Sources */ = {isa = PBXBuildFile; fileRef = CB777EF4248DD8F2008B6BEB /* BaseVC.swift */; };
		CB777F02248DD8F2008B6BEB /* TLStoryboarded.swift in Sources */ = {isa = PBXBuildFile; fileRef = CB777EF6248DD8F2008B6BEB /* TLStoryboarded.swift */; };
		CB777F03248DD8F2008B6BEB /* TLCoordinator.swift in Sources */ = {isa = PBXBuildFile; fileRef = CB777EF7248DD8F2008B6BEB /* TLCoordinator.swift */; };
		CB777F04248DD8F2008B6BEB /* TLDBConfiguration.swift in Sources */ = {isa = PBXBuildFile; fileRef = CB777EF9248DD8F2008B6BEB /* TLDBConfiguration.swift */; };
		CB777F05248DD8F2008B6BEB /* TLNotificationService.swift in Sources */ = {isa = PBXBuildFile; fileRef = CB777EFA248DD8F2008B6BEB /* TLNotificationService.swift */; };
		CB777F06248DD8F2008B6BEB /* TLDBService.swift in Sources */ = {isa = PBXBuildFile; fileRef = CB777EFB248DD8F2008B6BEB /* TLDBService.swift */; };
		CB777F0D248DD8FF008B6BEB /* Assets.xcassets in Resources */ = {isa = PBXBuildFile; fileRef = CB777F08248DD8FF008B6BEB /* Assets.xcassets */; };
		CB777F0E248DD8FF008B6BEB /* LaunchScreen.storyboard in Resources */ = {isa = PBXBuildFile; fileRef = CB777F09248DD8FF008B6BEB /* LaunchScreen.storyboard */; };
		CB777F0F248DD8FF008B6BEB /* Main.storyboard in Resources */ = {isa = PBXBuildFile; fileRef = CB777F0B248DD8FF008B6BEB /* Main.storyboard */; };
		CB777F13248DDA70008B6BEB /* Default-568h@2x.png in Resources */ = {isa = PBXBuildFile; fileRef = CB777F12248DDA70008B6BEB /* Default-568h@2x.png */; };
		CB777F18248DE847008B6BEB /* TLHomeCoordinator.swift in Sources */ = {isa = PBXBuildFile; fileRef = CB777F17248DE847008B6BEB /* TLHomeCoordinator.swift */; };
		CB777F1A248E309C008B6BEB /* TLNewTaskCoordinator.swift in Sources */ = {isa = PBXBuildFile; fileRef = CB777F19248E309C008B6BEB /* TLNewTaskCoordinator.swift */; };
		CB9F110D2490EECB0070A10C /* UNNotificationAttachment+Ext.swift in Sources */ = {isa = PBXBuildFile; fileRef = CB9F110C2490EECB0070A10C /* UNNotificationAttachment+Ext.swift */; };
		CB9F11202491582E0070A10C /* img_att11.png in Resources */ = {isa = PBXBuildFile; fileRef = CB9F11102491582C0070A10C /* img_att11.png */; };
		CB9F11212491582E0070A10C /* img_att4.png in Resources */ = {isa = PBXBuildFile; fileRef = CB9F11112491582C0070A10C /* img_att4.png */; };
		CB9F11222491582E0070A10C /* img_att16.png in Resources */ = {isa = PBXBuildFile; fileRef = CB9F11122491582C0070A10C /* img_att16.png */; };
		CB9F11232491582E0070A10C /* img_att7.png in Resources */ = {isa = PBXBuildFile; fileRef = CB9F11132491582D0070A10C /* img_att7.png */; };
		CB9F11242491582E0070A10C /* img_att3.png in Resources */ = {isa = PBXBuildFile; fileRef = CB9F11142491582D0070A10C /* img_att3.png */; };
		CB9F11252491582E0070A10C /* img_att6.png in Resources */ = {isa = PBXBuildFile; fileRef = CB9F11152491582D0070A10C /* img_att6.png */; };
		CB9F11262491582E0070A10C /* img_att13.png in Resources */ = {isa = PBXBuildFile; fileRef = CB9F11162491582D0070A10C /* img_att13.png */; };
		CB9F11272491582E0070A10C /* img_att14.png in Resources */ = {isa = PBXBuildFile; fileRef = CB9F11172491582D0070A10C /* img_att14.png */; };
		CB9F11282491582E0070A10C /* img_att8.png in Resources */ = {isa = PBXBuildFile; fileRef = CB9F11182491582D0070A10C /* img_att8.png */; };
		CB9F11292491582E0070A10C /* img_att2.png in Resources */ = {isa = PBXBuildFile; fileRef = CB9F11192491582D0070A10C /* img_att2.png */; };
		CB9F112A2491582E0070A10C /* img_att9.png in Resources */ = {isa = PBXBuildFile; fileRef = CB9F111A2491582D0070A10C /* img_att9.png */; };
		CB9F112B2491582E0070A10C /* img_att10.png in Resources */ = {isa = PBXBuildFile; fileRef = CB9F111B2491582E0070A10C /* img_att10.png */; };
		CB9F112C2491582E0070A10C /* img_att5.png in Resources */ = {isa = PBXBuildFile; fileRef = CB9F111C2491582E0070A10C /* img_att5.png */; };
		CB9F112D2491582E0070A10C /* img_att15.png in Resources */ = {isa = PBXBuildFile; fileRef = CB9F111D2491582E0070A10C /* img_att15.png */; };
		CB9F112E2491582E0070A10C /* img_att12.png in Resources */ = {isa = PBXBuildFile; fileRef = CB9F111E2491582E0070A10C /* img_att12.png */; };
		CB9F112F2491582E0070A10C /* img_att1.png in Resources */ = {isa = PBXBuildFile; fileRef = CB9F111F2491582E0070A10C /* img_att1.png */; };
		CB9F113324915BB60070A10C /* img_tmp.png in Resources */ = {isa = PBXBuildFile; fileRef = CB9F113224915BB60070A10C /* img_tmp.png */; };
		CBDE7490248B417D0032F0F8 /* AppDelegate.swift in Sources */ = {isa = PBXBuildFile; fileRef = CBDE748F248B417D0032F0F8 /* AppDelegate.swift */; };
		CBDE7492248B417D0032F0F8 /* SceneDelegate.swift in Sources */ = {isa = PBXBuildFile; fileRef = CBDE7491248B417D0032F0F8 /* SceneDelegate.swift */; };
		CBDE74A7248B417F0032F0F8 /* TodoListAppTests.swift in Sources */ = {isa = PBXBuildFile; fileRef = CBDE74A6248B417F0032F0F8 /* TodoListAppTests.swift */; };
		CBF650A2248F6AED00AE9380 /* TLLabelInHomeViewModel.swift in Sources */ = {isa = PBXBuildFile; fileRef = CBF650A1248F6AED00AE9380 /* TLLabelInHomeViewModel.swift */; };
		CBF650A4248F733500AE9380 /* UIView+Ext.swift in Sources */ = {isa = PBXBuildFile; fileRef = CBF650A3248F733500AE9380 /* UIView+Ext.swift */; };
		CBF650A6248F8F0E00AE9380 /* UITextField+Ext.swift in Sources */ = {isa = PBXBuildFile; fileRef = CBF650A5248F8F0E00AE9380 /* UITextField+Ext.swift */; };
		CBF650AA248F991900AE9380 /* RepeatType.swift in Sources */ = {isa = PBXBuildFile; fileRef = CBF650A9248F991900AE9380 /* RepeatType.swift */; };
		CBF650AC248FFF0400AE9380 /* SortType.swift in Sources */ = {isa = PBXBuildFile; fileRef = CBF650AB248FFF0400AE9380 /* SortType.swift */; };
		D517348E42188EBBDF9EFE8F /* Pods_TodoListApp.framework in Frameworks */ = {isa = PBXBuildFile; fileRef = 467C9D941B0B67A62A46716F /* Pods_TodoListApp.framework */; };
		EC5EF4B72AB5A8A32F91DDE4 /* Pods_TodoListAppTests.framework in Frameworks */ = {isa = PBXBuildFile; fileRef = EA66A6688B9399D99BC41B9A /* Pods_TodoListAppTests.framework */; };
/* End PBXBuildFile section */

/* Begin PBXContainerItemProxy section */
		CBDE74A3248B417F0032F0F8 /* PBXContainerItemProxy */ = {
			isa = PBXContainerItemProxy;
			containerPortal = CBDE7484248B417D0032F0F8 /* Project object */;
			proxyType = 1;
			remoteGlobalIDString = CBDE748B248B417D0032F0F8;
			remoteInfo = TodoListApp;
		};
/* End PBXContainerItemProxy section */

/* Begin PBXFileReference section */
		467C9D941B0B67A62A46716F /* Pods_TodoListApp.framework */ = {isa = PBXFileReference; explicitFileType = wrapper.framework; includeInIndex = 0; path = Pods_TodoListApp.framework; sourceTree = BUILT_PRODUCTS_DIR; };
		5A914E75103DE97D77FF0D13 /* Pods-TodoListApp.release.xcconfig */ = {isa = PBXFileReference; includeInIndex = 1; lastKnownFileType = text.xcconfig; name = "Pods-TodoListApp.release.xcconfig"; path = "Target Support Files/Pods-TodoListApp/Pods-TodoListApp.release.xcconfig"; sourceTree = "<group>"; };
		684586E8CB909A7A40C456A9 /* Pods-TodoListAppTests.debug.xcconfig */ = {isa = PBXFileReference; includeInIndex = 1; lastKnownFileType = text.xcconfig; name = "Pods-TodoListAppTests.debug.xcconfig"; path = "Target Support Files/Pods-TodoListAppTests/Pods-TodoListAppTests.debug.xcconfig"; sourceTree = "<group>"; };
		81C43ACCF7E6A48FC0271F73 /* Pods-TodoListAppTests.release.xcconfig */ = {isa = PBXFileReference; includeInIndex = 1; lastKnownFileType = text.xcconfig; name = "Pods-TodoListAppTests.release.xcconfig"; path = "Target Support Files/Pods-TodoListAppTests/Pods-TodoListAppTests.release.xcconfig"; sourceTree = "<group>"; };
		B1FC45A1494B23BD56FD0122 /* Pods-TodoListApp.debug.xcconfig */ = {isa = PBXFileReference; includeInIndex = 1; lastKnownFileType = text.xcconfig; name = "Pods-TodoListApp.debug.xcconfig"; path = "Target Support Files/Pods-TodoListApp/Pods-TodoListApp.debug.xcconfig"; sourceTree = "<group>"; };
		CB6A8E37248E437C00F5A5A5 /* Label.swift */ = {isa = PBXFileReference; lastKnownFileType = sourcecode.swift; path = Label.swift; sourceTree = "<group>"; };
		CB6A8E39248E7BD400F5A5A5 /* TLHomeViewModel.swift */ = {isa = PBXFileReference; lastKnownFileType = sourcecode.swift; path = TLHomeViewModel.swift; sourceTree = "<group>"; };
		CB6A8E3B248E7D1B00F5A5A5 /* TLVC.swift */ = {isa = PBXFileReference; lastKnownFileType = sourcecode.swift; path = TLVC.swift; sourceTree = "<group>"; };
		CB6A8E3D248E80F900F5A5A5 /* Identifier.swift */ = {isa = PBXFileReference; lastKnownFileType = sourcecode.swift; path = Identifier.swift; sourceTree = "<group>"; };
		CB6A8E3F248E811D00F5A5A5 /* Cell.swift */ = {isa = PBXFileReference; lastKnownFileType = sourcecode.swift; path = Cell.swift; sourceTree = "<group>"; };
		CB6A8E41248E81C800F5A5A5 /* TLHomeCellViewModel.swift */ = {isa = PBXFileReference; lastKnownFileType = sourcecode.swift; path = TLHomeCellViewModel.swift; sourceTree = "<group>"; };
		CB6A8E43248E827F00F5A5A5 /* String+Date+Ext.swift */ = {isa = PBXFileReference; lastKnownFileType = sourcecode.swift; path = "String+Date+Ext.swift"; sourceTree = "<group>"; };
		CB6A8E47248E893100F5A5A5 /* TLNewTaskViewModel.swift */ = {isa = PBXFileReference; lastKnownFileType = sourcecode.swift; path = TLNewTaskViewModel.swift; sourceTree = "<group>"; };
		CB777ECB248DD0CE008B6BEB /* TLDBServiceTests.swift */ = {isa = PBXFileReference; lastKnownFileType = sourcecode.swift; path = TLDBServiceTests.swift; sourceTree = "<group>"; };
		CB777ECC248DD0CE008B6BEB /* TLDBInMemoryConfiguartion.swift */ = {isa = PBXFileReference; lastKnownFileType = sourcecode.swift; path = TLDBInMemoryConfiguartion.swift; sourceTree = "<group>"; };
		CB777EE9248DD8F2008B6BEB /* TLHomeCell.xib */ = {isa = PBXFileReference; fileEncoding = 4; lastKnownFileType = file.xib; path = TLHomeCell.xib; sourceTree = "<group>"; };
		CB777EEA248DD8F2008B6BEB /* TLHomeCell.swift */ = {isa = PBXFileReference; fileEncoding = 4; lastKnownFileType = sourcecode.swift; path = TLHomeCell.swift; sourceTree = "<group>"; };
		CB777EEB248DD8F2008B6BEB /* TLHomeVC.swift */ = {isa = PBXFileReference; fileEncoding = 4; lastKnownFileType = sourcecode.swift; path = TLHomeVC.swift; sourceTree = "<group>"; };
		CB777EEF248DD8F2008B6BEB /* TLNewTaskVC.swift */ = {isa = PBXFileReference; fileEncoding = 4; lastKnownFileType = sourcecode.swift; path = TLNewTaskVC.swift; sourceTree = "<group>"; };
		CB777EF2248DD8F2008B6BEB /* Task.swift */ = {isa = PBXFileReference; fileEncoding = 4; lastKnownFileType = sourcecode.swift; path = Task.swift; sourceTree = "<group>"; };
		CB777EF4248DD8F2008B6BEB /* BaseVC.swift */ = {isa = PBXFileReference; fileEncoding = 4; lastKnownFileType = sourcecode.swift; path = BaseVC.swift; sourceTree = "<group>"; };
		CB777EF6248DD8F2008B6BEB /* TLStoryboarded.swift */ = {isa = PBXFileReference; fileEncoding = 4; lastKnownFileType = sourcecode.swift; path = TLStoryboarded.swift; sourceTree = "<group>"; };
		CB777EF7248DD8F2008B6BEB /* TLCoordinator.swift */ = {isa = PBXFileReference; fileEncoding = 4; lastKnownFileType = sourcecode.swift; path = TLCoordinator.swift; sourceTree = "<group>"; };
		CB777EF9248DD8F2008B6BEB /* TLDBConfiguration.swift */ = {isa = PBXFileReference; fileEncoding = 4; lastKnownFileType = sourcecode.swift; path = TLDBConfiguration.swift; sourceTree = "<group>"; };
		CB777EFA248DD8F2008B6BEB /* TLNotificationService.swift */ = {isa = PBXFileReference; fileEncoding = 4; lastKnownFileType = sourcecode.swift; path = TLNotificationService.swift; sourceTree = "<group>"; };
		CB777EFB248DD8F2008B6BEB /* TLDBService.swift */ = {isa = PBXFileReference; fileEncoding = 4; lastKnownFileType = sourcecode.swift; path = TLDBService.swift; sourceTree = "<group>"; };
		CB777F08248DD8FF008B6BEB /* Assets.xcassets */ = {isa = PBXFileReference; lastKnownFileType = folder.assetcatalog; path = Assets.xcassets; sourceTree = "<group>"; };
		CB777F0A248DD8FF008B6BEB /* Base */ = {isa = PBXFileReference; lastKnownFileType = file.storyboard; name = Base; path = Base.lproj/LaunchScreen.storyboard; sourceTree = "<group>"; };
		CB777F0C248DD8FF008B6BEB /* Base */ = {isa = PBXFileReference; lastKnownFileType = file.storyboard; name = Base; path = Base.lproj/Main.storyboard; sourceTree = "<group>"; };
		CB777F12248DDA70008B6BEB /* Default-568h@2x.png */ = {isa = PBXFileReference; lastKnownFileType = image.png; path = "Default-568h@2x.png"; sourceTree = "<group>"; };
		CB777F14248DDE07008B6BEB /* Info.plist */ = {isa = PBXFileReference; fileEncoding = 4; lastKnownFileType = text.plist.xml; path = Info.plist; sourceTree = "<group>"; };
		CB777F16248DDE84008B6BEB /* Info.plist */ = {isa = PBXFileReference; lastKnownFileType = text.plist.xml; path = Info.plist; sourceTree = "<group>"; };
		CB777F17248DE847008B6BEB /* TLHomeCoordinator.swift */ = {isa = PBXFileReference; lastKnownFileType = sourcecode.swift; path = TLHomeCoordinator.swift; sourceTree = "<group>"; };
		CB777F19248E309C008B6BEB /* TLNewTaskCoordinator.swift */ = {isa = PBXFileReference; lastKnownFileType = sourcecode.swift; path = TLNewTaskCoordinator.swift; sourceTree = "<group>"; };
		CB9F110C2490EECB0070A10C /* UNNotificationAttachment+Ext.swift */ = {isa = PBXFileReference; lastKnownFileType = sourcecode.swift; path = "UNNotificationAttachment+Ext.swift"; sourceTree = "<group>"; };
		CB9F11102491582C0070A10C /* img_att11.png */ = {isa = PBXFileReference; lastKnownFileType = image.png; path = img_att11.png; sourceTree = "<group>"; };
		CB9F11112491582C0070A10C /* img_att4.png */ = {isa = PBXFileReference; lastKnownFileType = image.png; path = img_att4.png; sourceTree = "<group>"; };
		CB9F11122491582C0070A10C /* img_att16.png */ = {isa = PBXFileReference; lastKnownFileType = image.png; path = img_att16.png; sourceTree = "<group>"; };
		CB9F11132491582D0070A10C /* img_att7.png */ = {isa = PBXFileReference; lastKnownFileType = image.png; path = img_att7.png; sourceTree = "<group>"; };
		CB9F11142491582D0070A10C /* img_att3.png */ = {isa = PBXFileReference; lastKnownFileType = image.png; path = img_att3.png; sourceTree = "<group>"; };
		CB9F11152491582D0070A10C /* img_att6.png */ = {isa = PBXFileReference; lastKnownFileType = image.png; path = img_att6.png; sourceTree = "<group>"; };
		CB9F11162491582D0070A10C /* img_att13.png */ = {isa = PBXFileReference; lastKnownFileType = image.png; path = img_att13.png; sourceTree = "<group>"; };
		CB9F11172491582D0070A10C /* img_att14.png */ = {isa = PBXFileReference; lastKnownFileType = image.png; path = img_att14.png; sourceTree = "<group>"; };
		CB9F11182491582D0070A10C /* img_att8.png */ = {isa = PBXFileReference; lastKnownFileType = image.png; path = img_att8.png; sourceTree = "<group>"; };
		CB9F11192491582D0070A10C /* img_att2.png */ = {isa = PBXFileReference; lastKnownFileType = image.png; path = img_att2.png; sourceTree = "<group>"; };
		CB9F111A2491582D0070A10C /* img_att9.png */ = {isa = PBXFileReference; lastKnownFileType = image.png; path = img_att9.png; sourceTree = "<group>"; };
		CB9F111B2491582E0070A10C /* img_att10.png */ = {isa = PBXFileReference; lastKnownFileType = image.png; path = img_att10.png; sourceTree = "<group>"; };
		CB9F111C2491582E0070A10C /* img_att5.png */ = {isa = PBXFileReference; lastKnownFileType = image.png; path = img_att5.png; sourceTree = "<group>"; };
		CB9F111D2491582E0070A10C /* img_att15.png */ = {isa = PBXFileReference; lastKnownFileType = image.png; path = img_att15.png; sourceTree = "<group>"; };
		CB9F111E2491582E0070A10C /* img_att12.png */ = {isa = PBXFileReference; lastKnownFileType = image.png; path = img_att12.png; sourceTree = "<group>"; };
		CB9F111F2491582E0070A10C /* img_att1.png */ = {isa = PBXFileReference; lastKnownFileType = image.png; path = img_att1.png; sourceTree = "<group>"; };
		CB9F113224915BB60070A10C /* img_tmp.png */ = {isa = PBXFileReference; lastKnownFileType = image.png; path = img_tmp.png; sourceTree = "<group>"; };
		CBDE748C248B417D0032F0F8 /* TodoListApp.app */ = {isa = PBXFileReference; explicitFileType = wrapper.application; includeInIndex = 0; path = TodoListApp.app; sourceTree = BUILT_PRODUCTS_DIR; };
		CBDE748F248B417D0032F0F8 /* AppDelegate.swift */ = {isa = PBXFileReference; lastKnownFileType = sourcecode.swift; path = AppDelegate.swift; sourceTree = "<group>"; };
		CBDE7491248B417D0032F0F8 /* SceneDelegate.swift */ = {isa = PBXFileReference; lastKnownFileType = sourcecode.swift; path = SceneDelegate.swift; sourceTree = "<group>"; };
		CBDE74A2248B417F0032F0F8 /* TodoListAppTests.xctest */ = {isa = PBXFileReference; explicitFileType = wrapper.cfbundle; includeInIndex = 0; path = TodoListAppTests.xctest; sourceTree = BUILT_PRODUCTS_DIR; };
		CBDE74A6248B417F0032F0F8 /* TodoListAppTests.swift */ = {isa = PBXFileReference; lastKnownFileType = sourcecode.swift; path = TodoListAppTests.swift; sourceTree = "<group>"; };
		CBF650A1248F6AED00AE9380 /* TLLabelInHomeViewModel.swift */ = {isa = PBXFileReference; lastKnownFileType = sourcecode.swift; path = TLLabelInHomeViewModel.swift; sourceTree = "<group>"; };
		CBF650A3248F733500AE9380 /* UIView+Ext.swift */ = {isa = PBXFileReference; lastKnownFileType = sourcecode.swift; path = "UIView+Ext.swift"; sourceTree = "<group>"; };
		CBF650A5248F8F0E00AE9380 /* UITextField+Ext.swift */ = {isa = PBXFileReference; lastKnownFileType = sourcecode.swift; path = "UITextField+Ext.swift"; sourceTree = "<group>"; };
		CBF650A9248F991900AE9380 /* RepeatType.swift */ = {isa = PBXFileReference; lastKnownFileType = sourcecode.swift; path = RepeatType.swift; sourceTree = "<group>"; };
		CBF650AB248FFF0400AE9380 /* SortType.swift */ = {isa = PBXFileReference; lastKnownFileType = sourcecode.swift; path = SortType.swift; sourceTree = "<group>"; };
		EA66A6688B9399D99BC41B9A /* Pods_TodoListAppTests.framework */ = {isa = PBXFileReference; explicitFileType = wrapper.framework; includeInIndex = 0; path = Pods_TodoListAppTests.framework; sourceTree = BUILT_PRODUCTS_DIR; };
/* End PBXFileReference section */

/* Begin PBXFrameworksBuildPhase section */
		CBDE7489248B417D0032F0F8 /* Frameworks */ = {
			isa = PBXFrameworksBuildPhase;
			buildActionMask = 2147483647;
			files = (
				D517348E42188EBBDF9EFE8F /* Pods_TodoListApp.framework in Frameworks */,
			);
			runOnlyForDeploymentPostprocessing = 0;
		};
		CBDE749F248B417F0032F0F8 /* Frameworks */ = {
			isa = PBXFrameworksBuildPhase;
			buildActionMask = 2147483647;
			files = (
				EC5EF4B72AB5A8A32F91DDE4 /* Pods_TodoListAppTests.framework in Frameworks */,
			);
			runOnlyForDeploymentPostprocessing = 0;
		};
/* End PBXFrameworksBuildPhase section */

/* Begin PBXGroup section */
		11E6263448C2A47E81FD1C07 /* Pods */ = {
			isa = PBXGroup;
			children = (
				B1FC45A1494B23BD56FD0122 /* Pods-TodoListApp.debug.xcconfig */,
				5A914E75103DE97D77FF0D13 /* Pods-TodoListApp.release.xcconfig */,
				684586E8CB909A7A40C456A9 /* Pods-TodoListAppTests.debug.xcconfig */,
				81C43ACCF7E6A48FC0271F73 /* Pods-TodoListAppTests.release.xcconfig */,
			);
			name = Pods;
			path = ../Pods;
			sourceTree = "<group>";
		};
		4605D85519B44044C34F9584 /* Frameworks */ = {
			isa = PBXGroup;
			children = (
				467C9D941B0B67A62A46716F /* Pods_TodoListApp.framework */,
				EA66A6688B9399D99BC41B9A /* Pods_TodoListAppTests.framework */,
			);
			name = Frameworks;
			sourceTree = "<group>";
		};
		CB777E62248BD91B008B6BEB /* AppDelegate */ = {
			isa = PBXGroup;
			children = (
				CBDE748F248B417D0032F0F8 /* AppDelegate.swift */,
				CBDE7491248B417D0032F0F8 /* SceneDelegate.swift */,
			);
			path = AppDelegate;
			sourceTree = "<group>";
		};
		CB777EE4248DD8F2008B6BEB /* Sources */ = {
			isa = PBXGroup;
			children = (
				CB777EF1248DD8F2008B6BEB /* Models */,
				CB777EE5248DD8F2008B6BEB /* Scenes */,
				CB777F1B248E3344008B6BEB /* Coordinator */,
				CB777EF3248DD8F2008B6BEB /* Common */,
				CB777EF8248DD8F2008B6BEB /* Services */,
			);
			path = Sources;
			sourceTree = "<group>";
		};
		CB777EE5248DD8F2008B6BEB /* Scenes */ = {
			isa = PBXGroup;
			children = (
				CB777EE6248DD8F2008B6BEB /* Home */,
				CB777EEC248DD8F2008B6BEB /* NewTask */,
			);
			path = Scenes;
			sourceTree = "<group>";
		};
		CB777EE6248DD8F2008B6BEB /* Home */ = {
			isa = PBXGroup;
			children = (
				CB777EE7248DD8F2008B6BEB /* ViewModels */,
				CB777EE8248DD8F2008B6BEB /* Views */,
			);
			path = Home;
			sourceTree = "<group>";
		};
		CB777EE7248DD8F2008B6BEB /* ViewModels */ = {
			isa = PBXGroup;
			children = (
				CB6A8E39248E7BD400F5A5A5 /* TLHomeViewModel.swift */,
				CB6A8E41248E81C800F5A5A5 /* TLHomeCellViewModel.swift */,
				CBF650A1248F6AED00AE9380 /* TLLabelInHomeViewModel.swift */,
			);
			path = ViewModels;
			sourceTree = "<group>";
		};
		CB777EE8248DD8F2008B6BEB /* Views */ = {
			isa = PBXGroup;
			children = (
				CB777EE9248DD8F2008B6BEB /* TLHomeCell.xib */,
				CB777EEA248DD8F2008B6BEB /* TLHomeCell.swift */,
				CB777EEB248DD8F2008B6BEB /* TLHomeVC.swift */,
			);
			path = Views;
			sourceTree = "<group>";
		};
		CB777EEC248DD8F2008B6BEB /* NewTask */ = {
			isa = PBXGroup;
			children = (
				CB777EED248DD8F2008B6BEB /* ViewModels */,
				CB777EEE248DD8F2008B6BEB /* Views */,
			);
			path = NewTask;
			sourceTree = "<group>";
		};
		CB777EED248DD8F2008B6BEB /* ViewModels */ = {
			isa = PBXGroup;
			children = (
				CB6A8E47248E893100F5A5A5 /* TLNewTaskViewModel.swift */,
			);
			path = ViewModels;
			sourceTree = "<group>";
		};
		CB777EEE248DD8F2008B6BEB /* Views */ = {
			isa = PBXGroup;
			children = (
				CB777EEF248DD8F2008B6BEB /* TLNewTaskVC.swift */,
			);
			path = Views;
			sourceTree = "<group>";
		};
		CB777EF0248DD8F2008B6BEB /* Extension */ = {
			isa = PBXGroup;
			children = (
				CB6A8E43248E827F00F5A5A5 /* String+Date+Ext.swift */,
				CBF650A3248F733500AE9380 /* UIView+Ext.swift */,
				CBF650A5248F8F0E00AE9380 /* UITextField+Ext.swift */,
				CB9F110C2490EECB0070A10C /* UNNotificationAttachment+Ext.swift */,
			);
			path = Extension;
			sourceTree = "<group>";
		};
		CB777EF1248DD8F2008B6BEB /* Models */ = {
			isa = PBXGroup;
			children = (
				CB777EF2248DD8F2008B6BEB /* Task.swift */,
				CB6A8E37248E437C00F5A5A5 /* Label.swift */,
				CBF650A9248F991900AE9380 /* RepeatType.swift */,
				CBF650AB248FFF0400AE9380 /* SortType.swift */,
			);
			path = Models;
			sourceTree = "<group>";
		};
		CB777EF3248DD8F2008B6BEB /* Common */ = {
			isa = PBXGroup;
			children = (
				CB777EF5248DD8F2008B6BEB /* Protocols */,
				CB777EF0248DD8F2008B6BEB /* Extension */,
				CB777EF4248DD8F2008B6BEB /* BaseVC.swift */,
			);
			path = Common;
			sourceTree = "<group>";
		};
		CB777EF5248DD8F2008B6BEB /* Protocols */ = {
			isa = PBXGroup;
			children = (
				CB6A8E3D248E80F900F5A5A5 /* Identifier.swift */,
				CB6A8E3F248E811D00F5A5A5 /* Cell.swift */,
				CB777EF6248DD8F2008B6BEB /* TLStoryboarded.swift */,
				CB777EF7248DD8F2008B6BEB /* TLCoordinator.swift */,
				CB6A8E3B248E7D1B00F5A5A5 /* TLVC.swift */,
			);
			path = Protocols;
			sourceTree = "<group>";
		};
		CB777EF8248DD8F2008B6BEB /* Services */ = {
			isa = PBXGroup;
			children = (
				CB777EF9248DD8F2008B6BEB /* TLDBConfiguration.swift */,
				CB777EFA248DD8F2008B6BEB /* TLNotificationService.swift */,
				CB777EFB248DD8F2008B6BEB /* TLDBService.swift */,
			);
			path = Services;
			sourceTree = "<group>";
		};
		CB777F07248DD8FF008B6BEB /* Resources */ = {
			isa = PBXGroup;
			children = (
				CB9F110F249158170070A10C /* img */,
				CB777F12248DDA70008B6BEB /* Default-568h@2x.png */,
				CB777F08248DD8FF008B6BEB /* Assets.xcassets */,
				CB777F09248DD8FF008B6BEB /* LaunchScreen.storyboard */,
				CB777F0B248DD8FF008B6BEB /* Main.storyboard */,
			);
			path = Resources;
			sourceTree = "<group>";
		};
		CB777F1B248E3344008B6BEB /* Coordinator */ = {
			isa = PBXGroup;
			children = (
				CB777F17248DE847008B6BEB /* TLHomeCoordinator.swift */,
				CB777F19248E309C008B6BEB /* TLNewTaskCoordinator.swift */,
			);
			path = Coordinator;
			sourceTree = "<group>";
		};
		CB9F110F249158170070A10C /* img */ = {
			isa = PBXGroup;
			children = (
				CB9F113224915BB60070A10C /* img_tmp.png */,
				CB9F111F2491582E0070A10C /* img_att1.png */,
				CB9F11192491582D0070A10C /* img_att2.png */,
				CB9F11142491582D0070A10C /* img_att3.png */,
				CB9F11112491582C0070A10C /* img_att4.png */,
				CB9F111C2491582E0070A10C /* img_att5.png */,
				CB9F11152491582D0070A10C /* img_att6.png */,
				CB9F11132491582D0070A10C /* img_att7.png */,
				CB9F11182491582D0070A10C /* img_att8.png */,
				CB9F111A2491582D0070A10C /* img_att9.png */,
				CB9F111B2491582E0070A10C /* img_att10.png */,
				CB9F11102491582C0070A10C /* img_att11.png */,
				CB9F111E2491582E0070A10C /* img_att12.png */,
				CB9F11162491582D0070A10C /* img_att13.png */,
				CB9F11172491582D0070A10C /* img_att14.png */,
				CB9F111D2491582E0070A10C /* img_att15.png */,
				CB9F11122491582C0070A10C /* img_att16.png */,
			);
			path = img;
			sourceTree = "<group>";
		};
		CBDE7483248B417D0032F0F8 = {
			isa = PBXGroup;
			children = (
				CBDE748E248B417D0032F0F8 /* TodoListApp */,
				CBDE74A5248B417F0032F0F8 /* TodoListAppTests */,
				CBDE748D248B417D0032F0F8 /* Products */,
				11E6263448C2A47E81FD1C07 /* Pods */,
				4605D85519B44044C34F9584 /* Frameworks */,
			);
			sourceTree = "<group>";
		};
		CBDE748D248B417D0032F0F8 /* Products */ = {
			isa = PBXGroup;
			children = (
				CBDE748C248B417D0032F0F8 /* TodoListApp.app */,
				CBDE74A2248B417F0032F0F8 /* TodoListAppTests.xctest */,
			);
			name = Products;
			sourceTree = "<group>";
		};
		CBDE748E248B417D0032F0F8 /* TodoListApp */ = {
			isa = PBXGroup;
			children = (
				CB777F07248DD8FF008B6BEB /* Resources */,
				CB777EE4248DD8F2008B6BEB /* Sources */,
				CB777E62248BD91B008B6BEB /* AppDelegate */,
				CB777F14248DDE07008B6BEB /* Info.plist */,
			);
			path = TodoListApp;
			sourceTree = "<group>";
		};
		CBDE74A5248B417F0032F0F8 /* TodoListAppTests */ = {
			isa = PBXGroup;
			children = (
				CB777ECC248DD0CE008B6BEB /* TLDBInMemoryConfiguartion.swift */,
				CB777ECB248DD0CE008B6BEB /* TLDBServiceTests.swift */,
				CBDE74A6248B417F0032F0F8 /* TodoListAppTests.swift */,
				CB777F16248DDE84008B6BEB /* Info.plist */,
			);
			path = TodoListAppTests;
			sourceTree = "<group>";
		};
/* End PBXGroup section */

/* Begin PBXNativeTarget section */
		CBDE748B248B417D0032F0F8 /* TodoListApp */ = {
			isa = PBXNativeTarget;
			buildConfigurationList = CBDE74AB248B417F0032F0F8 /* Build configuration list for PBXNativeTarget "TodoListApp" */;
			buildPhases = (
				DF8C33E06F4A62A0A6D799F8 /* [CP] Check Pods Manifest.lock */,
				CBDE7488248B417D0032F0F8 /* Sources */,
				CBDE7489248B417D0032F0F8 /* Frameworks */,
				CBDE748A248B417D0032F0F8 /* Resources */,
				5EE32B5EA0D78FB8AD3D2C7A /* [CP] Embed Pods Frameworks */,
			);
			buildRules = (
			);
			dependencies = (
			);
			name = TodoListApp;
			productName = TodoListApp;
			productReference = CBDE748C248B417D0032F0F8 /* TodoListApp.app */;
			productType = "com.apple.product-type.application";
		};
		CBDE74A1248B417F0032F0F8 /* TodoListAppTests */ = {
			isa = PBXNativeTarget;
			buildConfigurationList = CBDE74AE248B417F0032F0F8 /* Build configuration list for PBXNativeTarget "TodoListAppTests" */;
			buildPhases = (
				9102730B7803BA59AC971E7A /* [CP] Check Pods Manifest.lock */,
				CBDE749E248B417F0032F0F8 /* Sources */,
				CBDE749F248B417F0032F0F8 /* Frameworks */,
				CBDE74A0248B417F0032F0F8 /* Resources */,
				D3546D508668393EAA267C31 /* [CP] Embed Pods Frameworks */,
			);
			buildRules = (
			);
			dependencies = (
				CBDE74A4248B417F0032F0F8 /* PBXTargetDependency */,
			);
			name = TodoListAppTests;
			productName = TodoListAppTests;
			productReference = CBDE74A2248B417F0032F0F8 /* TodoListAppTests.xctest */;
			productType = "com.apple.product-type.bundle.unit-test";
		};
/* End PBXNativeTarget section */

/* Begin PBXProject section */
		CBDE7484248B417D0032F0F8 /* Project object */ = {
			isa = PBXProject;
			attributes = {
				LastSwiftUpdateCheck = 1150;
				LastUpgradeCheck = 1150;
				ORGANIZATIONNAME = C;
				TargetAttributes = {
					CBDE748B248B417D0032F0F8 = {
						CreatedOnToolsVersion = 11.5;
					};
					CBDE74A1248B417F0032F0F8 = {
						CreatedOnToolsVersion = 11.5;
						TestTargetID = CBDE748B248B417D0032F0F8;
					};
				};
			};
			buildConfigurationList = CBDE7487248B417D0032F0F8 /* Build configuration list for PBXProject "TodoListApp" */;
			compatibilityVersion = "Xcode 9.3";
			developmentRegion = en;
			hasScannedForEncodings = 0;
			knownRegions = (
				en,
				Base,
			);
			mainGroup = CBDE7483248B417D0032F0F8;
			productRefGroup = CBDE748D248B417D0032F0F8 /* Products */;
			projectDirPath = "";
			projectRoot = "";
			targets = (
				CBDE748B248B417D0032F0F8 /* TodoListApp */,
				CBDE74A1248B417F0032F0F8 /* TodoListAppTests */,
			);
		};
/* End PBXProject section */

/* Begin PBXResourcesBuildPhase section */
		CBDE748A248B417D0032F0F8 /* Resources */ = {
			isa = PBXResourcesBuildPhase;
			buildActionMask = 2147483647;
			files = (
				CB777F0E248DD8FF008B6BEB /* LaunchScreen.storyboard in Resources */,
				CB9F112B2491582E0070A10C /* img_att10.png in Resources */,
				CB777F0D248DD8FF008B6BEB /* Assets.xcassets in Resources */,
				CB777EFC248DD8F2008B6BEB /* TLHomeCell.xib in Resources */,
				CB777F0F248DD8FF008B6BEB /* Main.storyboard in Resources */,
				CB9F11282491582E0070A10C /* img_att8.png in Resources */,
				CB9F11292491582E0070A10C /* img_att2.png in Resources */,
				CB9F11222491582E0070A10C /* img_att16.png in Resources */,
				CB9F113324915BB60070A10C /* img_tmp.png in Resources */,
				CB9F112E2491582E0070A10C /* img_att12.png in Resources */,
				CB9F11262491582E0070A10C /* img_att13.png in Resources */,
				CB9F11272491582E0070A10C /* img_att14.png in Resources */,
				CB9F112F2491582E0070A10C /* img_att1.png in Resources */,
				CB9F11252491582E0070A10C /* img_att6.png in Resources */,
				CB9F11242491582E0070A10C /* img_att3.png in Resources */,
				CB777F13248DDA70008B6BEB /* Default-568h@2x.png in Resources */,
				CB9F11202491582E0070A10C /* img_att11.png in Resources */,
				CB9F112A2491582E0070A10C /* img_att9.png in Resources */,
				CB9F112D2491582E0070A10C /* img_att15.png in Resources */,
				CB9F11212491582E0070A10C /* img_att4.png in Resources */,
				CB9F11232491582E0070A10C /* img_att7.png in Resources */,
				CB9F112C2491582E0070A10C /* img_att5.png in Resources */,
			);
			runOnlyForDeploymentPostprocessing = 0;
		};
		CBDE74A0248B417F0032F0F8 /* Resources */ = {
			isa = PBXResourcesBuildPhase;
			buildActionMask = 2147483647;
			files = (
			);
			runOnlyForDeploymentPostprocessing = 0;
		};
/* End PBXResourcesBuildPhase section */

/* Begin PBXShellScriptBuildPhase section */
		5EE32B5EA0D78FB8AD3D2C7A /* [CP] Embed Pods Frameworks */ = {
			isa = PBXShellScriptBuildPhase;
			buildActionMask = 2147483647;
			files = (
			);
			inputFileListPaths = (
				"${PODS_ROOT}/Target Support Files/Pods-TodoListApp/Pods-TodoListApp-frameworks-${CONFIGURATION}-input-files.xcfilelist",
			);
			name = "[CP] Embed Pods Frameworks";
			outputFileListPaths = (
				"${PODS_ROOT}/Target Support Files/Pods-TodoListApp/Pods-TodoListApp-frameworks-${CONFIGURATION}-output-files.xcfilelist",
			);
			runOnlyForDeploymentPostprocessing = 0;
			shellPath = /bin/sh;
			shellScript = "\"${PODS_ROOT}/Target Support Files/Pods-TodoListApp/Pods-TodoListApp-frameworks.sh\"\n";
			showEnvVarsInLog = 0;
		};
		9102730B7803BA59AC971E7A /* [CP] Check Pods Manifest.lock */ = {
			isa = PBXShellScriptBuildPhase;
			buildActionMask = 2147483647;
			files = (
			);
			inputFileListPaths = (
			);
			inputPaths = (
				"${PODS_PODFILE_DIR_PATH}/Podfile.lock",
				"${PODS_ROOT}/Manifest.lock",
			);
			name = "[CP] Check Pods Manifest.lock";
			outputFileListPaths = (
			);
			outputPaths = (
				"$(DERIVED_FILE_DIR)/Pods-TodoListAppTests-checkManifestLockResult.txt",
			);
			runOnlyForDeploymentPostprocessing = 0;
			shellPath = /bin/sh;
			shellScript = "diff \"${PODS_PODFILE_DIR_PATH}/Podfile.lock\" \"${PODS_ROOT}/Manifest.lock\" > /dev/null\nif [ $? != 0 ] ; then\n    # print error to STDERR\n    echo \"error: The sandbox is not in sync with the Podfile.lock. Run 'pod install' or update your CocoaPods installation.\" >&2\n    exit 1\nfi\n# This output is used by Xcode 'outputs' to avoid re-running this script phase.\necho \"SUCCESS\" > \"${SCRIPT_OUTPUT_FILE_0}\"\n";
			showEnvVarsInLog = 0;
		};
		D3546D508668393EAA267C31 /* [CP] Embed Pods Frameworks */ = {
			isa = PBXShellScriptBuildPhase;
			buildActionMask = 2147483647;
			files = (
			);
			inputFileListPaths = (
				"${PODS_ROOT}/Target Support Files/Pods-TodoListAppTests/Pods-TodoListAppTests-frameworks-${CONFIGURATION}-input-files.xcfilelist",
			);
			name = "[CP] Embed Pods Frameworks";
			outputFileListPaths = (
				"${PODS_ROOT}/Target Support Files/Pods-TodoListAppTests/Pods-TodoListAppTests-frameworks-${CONFIGURATION}-output-files.xcfilelist",
			);
			runOnlyForDeploymentPostprocessing = 0;
			shellPath = /bin/sh;
			shellScript = "\"${PODS_ROOT}/Target Support Files/Pods-TodoListAppTests/Pods-TodoListAppTests-frameworks.sh\"\n";
			showEnvVarsInLog = 0;
		};
		DF8C33E06F4A62A0A6D799F8 /* [CP] Check Pods Manifest.lock */ = {
			isa = PBXShellScriptBuildPhase;
			buildActionMask = 2147483647;
			files = (
			);
			inputFileListPaths = (
			);
			inputPaths = (
				"${PODS_PODFILE_DIR_PATH}/Podfile.lock",
				"${PODS_ROOT}/Manifest.lock",
			);
			name = "[CP] Check Pods Manifest.lock";
			outputFileListPaths = (
			);
			outputPaths = (
				"$(DERIVED_FILE_DIR)/Pods-TodoListApp-checkManifestLockResult.txt",
			);
			runOnlyForDeploymentPostprocessing = 0;
			shellPath = /bin/sh;
			shellScript = "diff \"${PODS_PODFILE_DIR_PATH}/Podfile.lock\" \"${PODS_ROOT}/Manifest.lock\" > /dev/null\nif [ $? != 0 ] ; then\n    # print error to STDERR\n    echo \"error: The sandbox is not in sync with the Podfile.lock. Run 'pod install' or update your CocoaPods installation.\" >&2\n    exit 1\nfi\n# This output is used by Xcode 'outputs' to avoid re-running this script phase.\necho \"SUCCESS\" > \"${SCRIPT_OUTPUT_FILE_0}\"\n";
			showEnvVarsInLog = 0;
		};
/* End PBXShellScriptBuildPhase section */

/* Begin PBXSourcesBuildPhase section */
		CBDE7488248B417D0032F0F8 /* Sources */ = {
			isa = PBXSourcesBuildPhase;
			buildActionMask = 2147483647;
			files = (
				CB9F110D2490EECB0070A10C /* UNNotificationAttachment+Ext.swift in Sources */,
				CB777EFD248DD8F2008B6BEB /* TLHomeCell.swift in Sources */,
				CBDE7490248B417D0032F0F8 /* AppDelegate.swift in Sources */,
				CB777EFF248DD8F2008B6BEB /* TLNewTaskVC.swift in Sources */,
				CBF650A2248F6AED00AE9380 /* TLLabelInHomeViewModel.swift in Sources */,
				CB777F1A248E309C008B6BEB /* TLNewTaskCoordinator.swift in Sources */,
				CB777F04248DD8F2008B6BEB /* TLDBConfiguration.swift in Sources */,
				CBF650A6248F8F0E00AE9380 /* UITextField+Ext.swift in Sources */,
				CB6A8E42248E81C800F5A5A5 /* TLHomeCellViewModel.swift in Sources */,
				CB6A8E3A248E7BD400F5A5A5 /* TLHomeViewModel.swift in Sources */,
				CBF650A4248F733500AE9380 /* UIView+Ext.swift in Sources */,
				CB777EFE248DD8F2008B6BEB /* TLHomeVC.swift in Sources */,
				CB6A8E48248E893100F5A5A5 /* TLNewTaskViewModel.swift in Sources */,
				CB777F03248DD8F2008B6BEB /* TLCoordinator.swift in Sources */,
				CB6A8E3C248E7D1B00F5A5A5 /* TLVC.swift in Sources */,
				CB777F06248DD8F2008B6BEB /* TLDBService.swift in Sources */,
				CB6A8E3E248E80F900F5A5A5 /* Identifier.swift in Sources */,
				CB6A8E38248E437C00F5A5A5 /* Label.swift in Sources */,
				CB777F18248DE847008B6BEB /* TLHomeCoordinator.swift in Sources */,
				CB777F05248DD8F2008B6BEB /* TLNotificationService.swift in Sources */,
				CB6A8E44248E827F00F5A5A5 /* String+Date+Ext.swift in Sources */,
				CB777F01248DD8F2008B6BEB /* BaseVC.swift in Sources */,
				CB777F00248DD8F2008B6BEB /* Task.swift in Sources */,
				CBF650AC248FFF0400AE9380 /* SortType.swift in Sources */,
				CBDE7492248B417D0032F0F8 /* SceneDelegate.swift in Sources */,
				CB777F02248DD8F2008B6BEB /* TLStoryboarded.swift in Sources */,
				CBF650AA248F991900AE9380 /* RepeatType.swift in Sources */,
				CB6A8E40248E811D00F5A5A5 /* Cell.swift in Sources */,
			);
			runOnlyForDeploymentPostprocessing = 0;
		};
		CBDE749E248B417F0032F0F8 /* Sources */ = {
			isa = PBXSourcesBuildPhase;
			buildActionMask = 2147483647;
			files = (
				CB777ECE248DD0CE008B6BEB /* TLDBInMemoryConfiguartion.swift in Sources */,
				CBDE74A7248B417F0032F0F8 /* TodoListAppTests.swift in Sources */,
				CB777ECD248DD0CE008B6BEB /* TLDBServiceTests.swift in Sources */,
			);
			runOnlyForDeploymentPostprocessing = 0;
		};
/* End PBXSourcesBuildPhase section */

/* Begin PBXTargetDependency section */
		CBDE74A4248B417F0032F0F8 /* PBXTargetDependency */ = {
			isa = PBXTargetDependency;
			target = CBDE748B248B417D0032F0F8 /* TodoListApp */;
			targetProxy = CBDE74A3248B417F0032F0F8 /* PBXContainerItemProxy */;
		};
/* End PBXTargetDependency section */

/* Begin PBXVariantGroup section */
		CB777F09248DD8FF008B6BEB /* LaunchScreen.storyboard */ = {
			isa = PBXVariantGroup;
			children = (
				CB777F0A248DD8FF008B6BEB /* Base */,
			);
			name = LaunchScreen.storyboard;
			sourceTree = "<group>";
		};
		CB777F0B248DD8FF008B6BEB /* Main.storyboard */ = {
			isa = PBXVariantGroup;
			children = (
				CB777F0C248DD8FF008B6BEB /* Base */,
			);
			name = Main.storyboard;
			sourceTree = "<group>";
		};
/* End PBXVariantGroup section */

/* Begin XCBuildConfiguration section */
		CBDE74A9248B417F0032F0F8 /* Debug */ = {
			isa = XCBuildConfiguration;
			buildSettings = {
				ALWAYS_SEARCH_USER_PATHS = NO;
				CLANG_ANALYZER_NONNULL = YES;
				CLANG_ANALYZER_NUMBER_OBJECT_CONVERSION = YES_AGGRESSIVE;
				CLANG_CXX_LANGUAGE_STANDARD = "gnu++14";
				CLANG_CXX_LIBRARY = "libc++";
				CLANG_ENABLE_MODULES = YES;
				CLANG_ENABLE_OBJC_ARC = YES;
				CLANG_ENABLE_OBJC_WEAK = YES;
				CLANG_WARN_BLOCK_CAPTURE_AUTORELEASING = YES;
				CLANG_WARN_BOOL_CONVERSION = YES;
				CLANG_WARN_COMMA = YES;
				CLANG_WARN_CONSTANT_CONVERSION = YES;
				CLANG_WARN_DEPRECATED_OBJC_IMPLEMENTATIONS = YES;
				CLANG_WARN_DIRECT_OBJC_ISA_USAGE = YES_ERROR;
				CLANG_WARN_DOCUMENTATION_COMMENTS = YES;
				CLANG_WARN_EMPTY_BODY = YES;
				CLANG_WARN_ENUM_CONVERSION = YES;
				CLANG_WARN_INFINITE_RECURSION = YES;
				CLANG_WARN_INT_CONVERSION = YES;
				CLANG_WARN_NON_LITERAL_NULL_CONVERSION = YES;
				CLANG_WARN_OBJC_IMPLICIT_RETAIN_SELF = YES;
				CLANG_WARN_OBJC_LITERAL_CONVERSION = YES;
				CLANG_WARN_OBJC_ROOT_CLASS = YES_ERROR;
				CLANG_WARN_RANGE_LOOP_ANALYSIS = YES;
				CLANG_WARN_STRICT_PROTOTYPES = YES;
				CLANG_WARN_SUSPICIOUS_MOVE = YES;
				CLANG_WARN_UNGUARDED_AVAILABILITY = YES_AGGRESSIVE;
				CLANG_WARN_UNREACHABLE_CODE = YES;
				CLANG_WARN__DUPLICATE_METHOD_MATCH = YES;
				COPY_PHASE_STRIP = NO;
				DEBUG_INFORMATION_FORMAT = dwarf;
				ENABLE_STRICT_OBJC_MSGSEND = YES;
				ENABLE_TESTABILITY = YES;
				GCC_C_LANGUAGE_STANDARD = gnu11;
				GCC_DYNAMIC_NO_PIC = NO;
				GCC_NO_COMMON_BLOCKS = YES;
				GCC_OPTIMIZATION_LEVEL = 0;
				GCC_PREPROCESSOR_DEFINITIONS = (
					"DEBUG=1",
					"$(inherited)",
				);
				GCC_WARN_64_TO_32_BIT_CONVERSION = YES;
				GCC_WARN_ABOUT_RETURN_TYPE = YES_ERROR;
				GCC_WARN_UNDECLARED_SELECTOR = YES;
				GCC_WARN_UNINITIALIZED_AUTOS = YES_AGGRESSIVE;
				GCC_WARN_UNUSED_FUNCTION = YES;
				GCC_WARN_UNUSED_VARIABLE = YES;
				IPHONEOS_DEPLOYMENT_TARGET = 13.5;
				MTL_ENABLE_DEBUG_INFO = INCLUDE_SOURCE;
				MTL_FAST_MATH = YES;
				ONLY_ACTIVE_ARCH = YES;
				SDKROOT = iphoneos;
				SWIFT_ACTIVE_COMPILATION_CONDITIONS = DEBUG;
				SWIFT_OPTIMIZATION_LEVEL = "-Onone";
			};
			name = Debug;
		};
		CBDE74AA248B417F0032F0F8 /* Release */ = {
			isa = XCBuildConfiguration;
			buildSettings = {
				ALWAYS_SEARCH_USER_PATHS = NO;
				CLANG_ANALYZER_NONNULL = YES;
				CLANG_ANALYZER_NUMBER_OBJECT_CONVERSION = YES_AGGRESSIVE;
				CLANG_CXX_LANGUAGE_STANDARD = "gnu++14";
				CLANG_CXX_LIBRARY = "libc++";
				CLANG_ENABLE_MODULES = YES;
				CLANG_ENABLE_OBJC_ARC = YES;
				CLANG_ENABLE_OBJC_WEAK = YES;
				CLANG_WARN_BLOCK_CAPTURE_AUTORELEASING = YES;
				CLANG_WARN_BOOL_CONVERSION = YES;
				CLANG_WARN_COMMA = YES;
				CLANG_WARN_CONSTANT_CONVERSION = YES;
				CLANG_WARN_DEPRECATED_OBJC_IMPLEMENTATIONS = YES;
				CLANG_WARN_DIRECT_OBJC_ISA_USAGE = YES_ERROR;
				CLANG_WARN_DOCUMENTATION_COMMENTS = YES;
				CLANG_WARN_EMPTY_BODY = YES;
				CLANG_WARN_ENUM_CONVERSION = YES;
				CLANG_WARN_INFINITE_RECURSION = YES;
				CLANG_WARN_INT_CONVERSION = YES;
				CLANG_WARN_NON_LITERAL_NULL_CONVERSION = YES;
				CLANG_WARN_OBJC_IMPLICIT_RETAIN_SELF = YES;
				CLANG_WARN_OBJC_LITERAL_CONVERSION = YES;
				CLANG_WARN_OBJC_ROOT_CLASS = YES_ERROR;
				CLANG_WARN_RANGE_LOOP_ANALYSIS = YES;
				CLANG_WARN_STRICT_PROTOTYPES = YES;
				CLANG_WARN_SUSPICIOUS_MOVE = YES;
				CLANG_WARN_UNGUARDED_AVAILABILITY = YES_AGGRESSIVE;
				CLANG_WARN_UNREACHABLE_CODE = YES;
				CLANG_WARN__DUPLICATE_METHOD_MATCH = YES;
				COPY_PHASE_STRIP = NO;
				DEBUG_INFORMATION_FORMAT = "dwarf-with-dsym";
				ENABLE_NS_ASSERTIONS = NO;
				ENABLE_STRICT_OBJC_MSGSEND = YES;
				GCC_C_LANGUAGE_STANDARD = gnu11;
				GCC_NO_COMMON_BLOCKS = YES;
				GCC_WARN_64_TO_32_BIT_CONVERSION = YES;
				GCC_WARN_ABOUT_RETURN_TYPE = YES_ERROR;
				GCC_WARN_UNDECLARED_SELECTOR = YES;
				GCC_WARN_UNINITIALIZED_AUTOS = YES_AGGRESSIVE;
				GCC_WARN_UNUSED_FUNCTION = YES;
				GCC_WARN_UNUSED_VARIABLE = YES;
				IPHONEOS_DEPLOYMENT_TARGET = 13.5;
				MTL_ENABLE_DEBUG_INFO = NO;
				MTL_FAST_MATH = YES;
				SDKROOT = iphoneos;
				SWIFT_COMPILATION_MODE = wholemodule;
				SWIFT_OPTIMIZATION_LEVEL = "-O";
				VALIDATE_PRODUCT = YES;
			};
			name = Release;
		};
		CBDE74AC248B417F0032F0F8 /* Debug */ = {
			isa = XCBuildConfiguration;
			baseConfigurationReference = B1FC45A1494B23BD56FD0122 /* Pods-TodoListApp.debug.xcconfig */;
			buildSettings = {
				ASSETCATALOG_COMPILER_APPICON_NAME = AppIcon;
				CODE_SIGN_STYLE = Automatic;
				DEVELOPMENT_TEAM = VVYWH469LG;
				INFOPLIST_FILE = TodoListApp/Info.plist;
				IPHONEOS_DEPLOYMENT_TARGET = 13.2;
				LD_RUNPATH_SEARCH_PATHS = (
					"$(inherited)",
					"@executable_path/Frameworks",
				);
				PRODUCT_BUNDLE_IDENTIFIER = charlie.hoang.TodoListApp;
				PRODUCT_NAME = "$(TARGET_NAME)";
				SWIFT_VERSION = 5.0;
				TARGETED_DEVICE_FAMILY = "1,2";
			};
			name = Debug;
		};
		CBDE74AD248B417F0032F0F8 /* Release */ = {
			isa = XCBuildConfiguration;
			baseConfigurationReference = 5A914E75103DE97D77FF0D13 /* Pods-TodoListApp.release.xcconfig */;
			buildSettings = {
				ASSETCATALOG_COMPILER_APPICON_NAME = AppIcon;
				CODE_SIGN_STYLE = Automatic;
				DEVELOPMENT_TEAM = VVYWH469LG;
				INFOPLIST_FILE = TodoListApp/Info.plist;
				IPHONEOS_DEPLOYMENT_TARGET = 13.2;
				LD_RUNPATH_SEARCH_PATHS = (
					"$(inherited)",
					"@executable_path/Frameworks",
				);
				PRODUCT_BUNDLE_IDENTIFIER = charlie.hoang.TodoListApp;
				PRODUCT_NAME = "$(TARGET_NAME)";
				SWIFT_VERSION = 5.0;
				TARGETED_DEVICE_FAMILY = "1,2";
			};
			name = Release;
		};
		CBDE74AF248B417F0032F0F8 /* Debug */ = {
			isa = XCBuildConfiguration;
			baseConfigurationReference = 684586E8CB909A7A40C456A9 /* Pods-TodoListAppTests.debug.xcconfig */;
			buildSettings = {
				ALWAYS_EMBED_SWIFT_STANDARD_LIBRARIES = YES;
				BUNDLE_LOADER = "$(TEST_HOST)";
				CODE_SIGN_STYLE = Automatic;
				DEVELOPMENT_TEAM = VVYWH469LG;
				INFOPLIST_FILE = TodoListAppTests/Info.plist;
				IPHONEOS_DEPLOYMENT_TARGET = 13.5;
				LD_RUNPATH_SEARCH_PATHS = (
					"$(inherited)",
					"@executable_path/Frameworks",
					"@loader_path/Frameworks",
				);
				PRODUCT_BUNDLE_IDENTIFIER = charlie.hoang.TodoListAppTests;
				PRODUCT_NAME = "$(TARGET_NAME)";
				SWIFT_VERSION = 5.0;
				TARGETED_DEVICE_FAMILY = "1,2";
				TEST_HOST = "$(BUILT_PRODUCTS_DIR)/TodoListApp.app/TodoListApp";
			};
			name = Debug;
		};
		CBDE74B0248B417F0032F0F8 /* Release */ = {
			isa = XCBuildConfiguration;
			baseConfigurationReference = 81C43ACCF7E6A48FC0271F73 /* Pods-TodoListAppTests.release.xcconfig */;
			buildSettings = {
				ALWAYS_EMBED_SWIFT_STANDARD_LIBRARIES = YES;
				BUNDLE_LOADER = "$(TEST_HOST)";
				CODE_SIGN_STYLE = Automatic;
				DEVELOPMENT_TEAM = VVYWH469LG;
				INFOPLIST_FILE = TodoListAppTests/Info.plist;
				IPHONEOS_DEPLOYMENT_TARGET = 13.5;
				LD_RUNPATH_SEARCH_PATHS = (
					"$(inherited)",
					"@executable_path/Frameworks",
					"@loader_path/Frameworks",
				);
				PRODUCT_BUNDLE_IDENTIFIER = charlie.hoang.TodoListAppTests;
				PRODUCT_NAME = "$(TARGET_NAME)";
				SWIFT_VERSION = 5.0;
				TARGETED_DEVICE_FAMILY = "1,2";
				TEST_HOST = "$(BUILT_PRODUCTS_DIR)/TodoListApp.app/TodoListApp";
			};
			name = Release;
		};
/* End XCBuildConfiguration section */

/* Begin XCConfigurationList section */
		CBDE7487248B417D0032F0F8 /* Build configuration list for PBXProject "TodoListApp" */ = {
			isa = XCConfigurationList;
			buildConfigurations = (
				CBDE74A9248B417F0032F0F8 /* Debug */,
				CBDE74AA248B417F0032F0F8 /* Release */,
			);
			defaultConfigurationIsVisible = 0;
			defaultConfigurationName = Release;
		};
		CBDE74AB248B417F0032F0F8 /* Build configuration list for PBXNativeTarget "TodoListApp" */ = {
			isa = XCConfigurationList;
			buildConfigurations = (
				CBDE74AC248B417F0032F0F8 /* Debug */,
				CBDE74AD248B417F0032F0F8 /* Release */,
			);
			defaultConfigurationIsVisible = 0;
			defaultConfigurationName = Release;
		};
		CBDE74AE248B417F0032F0F8 /* Build configuration list for PBXNativeTarget "TodoListAppTests" */ = {
			isa = XCConfigurationList;
			buildConfigurations = (
				CBDE74AF248B417F0032F0F8 /* Debug */,
				CBDE74B0248B417F0032F0F8 /* Release */,
			);
			defaultConfigurationIsVisible = 0;
			defaultConfigurationName = Release;
		};
/* End XCConfigurationList section */
	};
	rootObject = CBDE7484248B417D0032F0F8 /* Project object */;
}
